
Microsoft Visual Studio Solution File, Format Version 12.00
# Visual Studio 14
VisualStudioVersion = 14.0.25420.1
MinimumVisualStudioVersion = 10.0.40219.1
Project("{8BC9CEB8-8B4A-11D0-8D11-00A0C91BC942}") = "FunctionDrawLib", "FunctionDrawLib\FunctionDrawLib.vcxproj", "{91C61C7C-170F-49A5-B40C-9A11AC28B501}"
EndProject
Project("{8BC9CEB8-8B4A-11D0-8D11-00A0C91BC942}") = "FunctionDrawTest", "FunctionDrawTest\FunctionDrawTest.vcxproj", "{7A63F680-D02C-423C-94D3-F332A007E479}"
EndProject
Project("{8BC9CEB8-8B4A-11D0-8D11-00A0C91BC942}") = "gtest", "..\lib\googletest\build\googlemock\gtest\gtest.vcxproj", "{25C59432-8F69-3FFB-BC4C-4DE599765AFA}"
EndProject
Project("{8BC9CEB8-8B4A-11D0-8D11-00A0C91BC942}") = "Calc", "Calc\Calc.vcxproj", "{ACA52D18-B997-48B9-8AAF-07751E2A6DC3}"
EndProject
Project("{8BC9CEB8-8B4A-11D0-8D11-00A0C91BC942}") = "gmock", "..\lib\googletest\build\googlemock\gmock.vcxproj", "{3C9F37B0-7EA2-3475-998A-E52066903A32}"
EndProject
Global
	GlobalSection(SolutionConfigurationPlatforms) = preSolution
		Debug|x64 = Debug|x64
		Debug|x86 = Debug|x86
		MinSizeRel|x64 = MinSizeRel|x64
		MinSizeRel|x86 = MinSizeRel|x86
		Release|x64 = Release|x64
		Release|x86 = Release|x86
		RelWithDebInfo|x64 = RelWithDebInfo|x64
		RelWithDebInfo|x86 = RelWithDebInfo|x86
	EndGlobalSection
	GlobalSection(ProjectConfigurationPlatforms) = postSolution
		{91C61C7C-170F-49A5-B40C-9A11AC28B501}.Debug|x64.ActiveCfg = Debug|x64
		{91C61C7C-170F-49A5-B40C-9A11AC28B501}.Debug|x64.Build.0 = Debug|x64
		{91C61C7C-170F-49A5-B40C-9A11AC28B501}.Debug|x86.ActiveCfg = Debug|Win32
		{91C61C7C-170F-49A5-B40C-9A11AC28B501}.Debug|x86.Build.0 = Debug|Win32
		{91C61C7C-170F-49A5-B40C-9A11AC28B501}.MinSizeRel|x64.ActiveCfg = Release|x64
		{91C61C7C-170F-49A5-B40C-9A11AC28B501}.MinSizeRel|x64.Build.0 = Release|x64
		{91C61C7C-170F-49A5-B40C-9A11AC28B501}.MinSizeRel|x86.ActiveCfg = Release|Win32
		{91C61C7C-170F-49A5-B40C-9A11AC28B501}.MinSizeRel|x86.Build.0 = Release|Win32
		{91C61C7C-170F-49A5-B40C-9A11AC28B501}.Release|x64.ActiveCfg = Release|x64
		{91C61C7C-170F-49A5-B40C-9A11AC28B501}.Release|x64.Build.0 = Release|x64
		{91C61C7C-170F-49A5-B40C-9A11AC28B501}.Release|x86.ActiveCfg = Release|Win32
		{91C61C7C-170F-49A5-B40C-9A11AC28B501}.Release|x86.Build.0 = Release|Win32
		{91C61C7C-170F-49A5-B40C-9A11AC28B501}.RelWithDebInfo|x64.ActiveCfg = Release|x64
		{91C61C7C-170F-49A5-B40C-9A11AC28B501}.RelWithDebInfo|x64.Build.0 = Release|x64
		{91C61C7C-170F-49A5-B40C-9A11AC28B501}.RelWithDebInfo|x86.ActiveCfg = Release|Win32
		{91C61C7C-170F-49A5-B40C-9A11AC28B501}.RelWithDebInfo|x86.Build.0 = Release|Win32
		{7A63F680-D02C-423C-94D3-F332A007E479}.Debug|x64.ActiveCfg = Debug|x64
		{7A63F680-D02C-423C-94D3-F332A007E479}.Debug|x64.Build.0 = Debug|x64
		{7A63F680-D02C-423C-94D3-F332A007E479}.Debug|x86.ActiveCfg = Debug|Win32
		{7A63F680-D02C-423C-94D3-F332A007E479}.Debug|x86.Build.0 = Debug|Win32
		{7A63F680-D02C-423C-94D3-F332A007E479}.MinSizeRel|x64.ActiveCfg = Release|x64
		{7A63F680-D02C-423C-94D3-F332A007E479}.MinSizeRel|x64.Build.0 = Release|x64
		{7A63F680-D02C-423C-94D3-F332A007E479}.MinSizeRel|x86.ActiveCfg = Release|Win32
		{7A63F680-D02C-423C-94D3-F332A007E479}.MinSizeRel|x86.Build.0 = Release|Win32
		{7A63F680-D02C-423C-94D3-F332A007E479}.Release|x64.ActiveCfg = Release|x64
		{7A63F680-D02C-423C-94D3-F332A007E479}.Release|x64.Build.0 = Release|x64
		{7A63F680-D02C-423C-94D3-F332A007E479}.Release|x86.ActiveCfg = Release|Win32
		{7A63F680-D02C-423C-94D3-F332A007E479}.Release|x86.Build.0 = Release|Win32
		{7A63F680-D02C-423C-94D3-F332A007E479}.RelWithDebInfo|x64.ActiveCfg = Release|x64
		{7A63F680-D02C-423C-94D3-F332A007E479}.RelWithDebInfo|x64.Build.0 = Release|x64
		{7A63F680-D02C-423C-94D3-F332A007E479}.RelWithDebInfo|x86.ActiveCfg = Release|Win32
		{7A63F680-D02C-423C-94D3-F332A007E479}.RelWithDebInfo|x86.Build.0 = Release|Win32
		{25C59432-8F69-3FFB-BC4C-4DE599765AFA}.Debug|x64.ActiveCfg = Debug|x64
		{25C59432-8F69-3FFB-BC4C-4DE599765AFA}.Debug|x64.Build.0 = Debug|x64
		{25C59432-8F69-3FFB-BC4C-4DE599765AFA}.Debug|x86.ActiveCfg = Debug|x64
		{25C59432-8F69-3FFB-BC4C-4DE599765AFA}.MinSizeRel|x64.ActiveCfg = MinSizeRel|x64
		{25C59432-8F69-3FFB-BC4C-4DE599765AFA}.MinSizeRel|x64.Build.0 = MinSizeRel|x64
		{25C59432-8F69-3FFB-BC4C-4DE599765AFA}.MinSizeRel|x86.ActiveCfg = MinSizeRel|x64
		{25C59432-8F69-3FFB-BC4C-4DE599765AFA}.Release|x64.ActiveCfg = Release|x64
		{25C59432-8F69-3FFB-BC4C-4DE599765AFA}.Release|x64.Build.0 = Release|x64
		{25C59432-8F69-3FFB-BC4C-4DE599765AFA}.Release|x86.ActiveCfg = Release|x64
		{25C59432-8F69-3FFB-BC4C-4DE599765AFA}.RelWithDebInfo|x64.ActiveCfg = RelWithDebInfo|x64
		{25C59432-8F69-3FFB-BC4C-4DE599765AFA}.RelWithDebInfo|x64.Build.0 = RelWithDebInfo|x64
		{25C59432-8F69-3FFB-BC4C-4DE599765AFA}.RelWithDebInfo|x86.ActiveCfg = RelWithDebInfo|x64
		{ACA52D18-B997-48B9-8AAF-07751E2A6DC3}.Debug|x64.ActiveCfg = Debug|x64
		{ACA52D18-B997-48B9-8AAF-07751E2A6DC3}.Debug|x64.Build.0 = Debug|x64
		{ACA52D18-B997-48B9-8AAF-07751E2A6DC3}.Debug|x86.ActiveCfg = Debug|Win32
		{ACA52D18-B997-48B9-8AAF-07751E2A6DC3}.Debug|x86.Build.0 = Debug|Win32
		{ACA52D18-B997-48B9-8AAF-07751E2A6DC3}.MinSizeRel|x64.ActiveCfg = Release|x64
		{ACA52D18-B997-48B9-8AAF-07751E2A6DC3}.MinSizeRel|x64.Build.0 = Release|x64
		{ACA52D18-B997-48B9-8AAF-07751E2A6DC3}.MinSizeRel|x86.ActiveCfg = Release|Win32
		{ACA52D18-B997-48B9-8AAF-07751E2A6DC3}.MinSizeRel|x86.Build.0 = Release|Win32
		{ACA52D18-B997-48B9-8AAF-07751E2A6DC3}.Release|x64.ActiveCfg = Release|x64
		{ACA52D18-B997-48B9-8AAF-07751E2A6DC3}.Release|x64.Build.0 = Release|x64
		{ACA52D18-B997-48B9-8AAF-07751E2A6DC3}.Release|x86.ActiveCfg = Release|Win32
		{ACA52D18-B997-48B9-8AAF-07751E2A6DC3}.Release|x86.Build.0 = Release|Win32
		{ACA52D18-B997-48B9-8AAF-07751E2A6DC3}.RelWithDebInfo|x64.ActiveCfg = Release|x64
		{ACA52D18-B997-48B9-8AAF-07751E2A6DC3}.RelWithDebInfo|x64.Build.0 = Release|x64
		{ACA52D18-B997-48B9-8AAF-07751E2A6DC3}.RelWithDebInfo|x86.ActiveCfg = Release|Win32
		{ACA52D18-B997-48B9-8AAF-07751E2A6DC3}.RelWithDebInfo|x86.Build.0 = Release|Win32
		{3C9F37B0-7EA2-3475-998A-E52066903A32}.Debug|x64.ActiveCfg = Debug|x64
		{3C9F37B0-7EA2-3475-998A-E52066903A32}.Debug|x64.Build.0 = Debug|x64
		{3C9F37B0-7EA2-3475-998A-E52066903A32}.Debug|x86.ActiveCfg = Debug|x64
		{3C9F37B0-7EA2-3475-998A-E52066903A32}.MinSizeRel|x64.ActiveCfg = MinSizeRel|x64
		{3C9F37B0-7EA2-3475-998A-E52066903A32}.MinSizeRel|x64.Build.0 = MinSizeRel|x64
		{3C9F37B0-7EA2-3475-998A-E52066903A32}.MinSizeRel|x86.ActiveCfg = MinSizeRel|x64
		{3C9F37B0-7EA2-3475-998A-E52066903A32}.Release|x64.ActiveCfg = Release|x64
		{3C9F37B0-7EA2-3475-998A-E52066903A32}.Release|x64.Build.0 = Release|x64
		{3C9F37B0-7EA2-3475-998A-E52066903A32}.Release|x86.ActiveCfg = Release|x64
		{3C9F37B0-7EA2-3475-998A-E52066903A32}.RelWithDebInfo|x64.ActiveCfg = RelWithDebInfo|x64
		{3C9F37B0-7EA2-3475-998A-E52066903A32}.RelWithDebInfo|x64.Build.0 = RelWithDebInfo|x64
		{3C9F37B0-7EA2-3475-998A-E52066903A32}.RelWithDebInfo|x86.ActiveCfg = RelWithDebInfo|x64
	EndGlobalSection
	GlobalSection(SolutionProperties) = preSolution
		HideSolutionNode = FALSE
	EndGlobalSection
EndGlobal
