<?xml version="1.0" encoding="utf-8"?>
<Project ToolsVersion="4.0" xmlns="http://schemas.microsoft.com/developer/msbuild/2003">
  <ItemGroup>
    <Filter Include="Source Files">
      <UniqueIdentifier>{4FC737F1-C7A5-4376-A066-2A32D752A2FF}</UniqueIdentifier>
      <Extensions>cpp;c;cc;cxx;def;odl;idl;hpj;bat;asm;asmx</Extensions>
    </Filter>
    <Filter Include="Header Files">
      <UniqueIdentifier>{93995380-89BD-4b04-88EB-625FBE52EBFB}</UniqueIdentifier>
      <Extensions>h;hh;hpp;hxx;hm;inl;inc;xsd</Extensions>
    </Filter>
    <Filter Include="Resource Files">
      <UniqueIdentifier>{67DA6AB6-F800-4c08-8B7A-83BB121AAD01}</UniqueIdentifier>
      <Extensions>rc;ico;cur;bmp;dlg;rc2;rct;bin;rgs;gif;jpg;jpeg;jpe;resx;tiff;tif;png;wav;mfcribbon-ms</Extensions>
    </Filter>
    <Filter Include="Header Files\drawing">
      <UniqueIdentifier>{59ca6476-ef65-457d-8a63-34782bd6673e}</UniqueIdentifier>
    </Filter>
    <Filter Include="Source Files\drawing">
      <UniqueIdentifier>{cc2b3b1e-3f3c-42f4-8c6f-2b5581afdbfc}</UniqueIdentifier>
    </Filter>
    <Filter Include="Header Files\expression">
      <UniqueIdentifier>{8c694e94-664f-47b1-97d8-69a36b61ee12}</UniqueIdentifier>
    </Filter>
    <Filter Include="Source Files\expression">
      <UniqueIdentifier>{2c56604d-dff7-40fe-8750-9927a5e835ba}</UniqueIdentifier>
    </Filter>
  </ItemGroup>
  <ItemGroup>
    <ClInclude Include="..\source\lib\drawing\Color.hpp">
      <Filter>Header Files\drawing</Filter>
    </ClInclude>
    <ClInclude Include="..\source\lib\drawing\Figure.hpp">
      <Filter>Header Files\drawing</Filter>
    </ClInclude>
    <ClInclude Include="..\source\lib\drawing\GeometricTypes.hpp">
      <Filter>Header Files\drawing</Filter>
    </ClInclude>
    <ClInclude Include="..\source\lib\drawing\ICanvas.hpp">
      <Filter>Header Files\drawing</Filter>
    </ClInclude>
    <ClInclude Include="..\source\lib\drawing\Line.hpp">
      <Filter>Header Files\drawing</Filter>
    </ClInclude>
    <ClInclude Include="..\source\lib\drawing\PointTransform.hpp">
      <Filter>Header Files\drawing</Filter>
    </ClInclude>
    <ClInclude Include="..\source\lib\drawing\Range.hpp">
      <Filter>Header Files\drawing</Filter>
    </ClInclude>
    <ClInclude Include="..\source\lib\expression\Expression.hpp">
      <Filter>Header Files\expression</Filter>
    </ClInclude>
    <ClInclude Include="..\source\lib\expression\ExpressionBuilder.hpp">
      <Filter>Header Files\expression</Filter>
    </ClInclude>
    <ClInclude Include="..\source\lib\expression\ExpressionGrammar.hpp">
      <Filter>Header Files\expression</Filter>
    </ClInclude>
    <ClInclude Include="..\source\lib\expression\ParseException.hpp">
      <Filter>Header Files\expression</Filter>
    </ClInclude>
    <ClInclude Include="..\source\lib\expression\Parser.hpp">
      <Filter>Header Files\expression</Filter>
    </ClInclude>
  </ItemGroup>
  <ItemGroup>
    <ClCompile Include="..\source\lib\drawing\Color.cpp">
      <Filter>Source Files\drawing</Filter>
    </ClCompile>
    <ClCompile Include="..\source\lib\drawing\Line.cpp">
      <Filter>Source Files\drawing</Filter>
    </ClCompile>
    <ClCompile Include="..\source\lib\expression\ParseException.cpp">
      <Filter>Source Files\expression</Filter>
    </ClCompile>
    <ClCompile Include="..\source\lib\expression\Parser.cpp">
      <Filter>Source Files\expression</Filter>
    </ClCompile>
    <ClCompile Include="..\source\lib\drawing\Figure.cpp">
      <Filter>Source Files\drawing</Filter>
    </ClCompile>
  </ItemGroup>
</Project>